
Microsoft Visual Studio Solution File, Format Version 12.00
# Visual Studio 2015
Project("{FAE04EC0-301F-11D3-BF4B-00C04F79EFBC}") = "UnityVS.Boring Clicker.CSharp", "UnityVS.Boring Clicker.CSharp.csproj", "{0DB5DA95-B0A6-20A8-1FEB-23CBC0146A2C}"
EndProject
Global
	GlobalSection(SolutionConfigurationPlatforms) = preSolution
		Debug|Any CPU = Debug|Any CPU
		Release|Any CPU = Release|Any CPU
	EndGlobalSection
	GlobalSection(ProjectConfigurationPlatforms) = postSolution
		{0DB5DA95-B0A6-20A8-1FEB-23CBC0146A2C}.Debug|Any CPU.ActiveCfg = Debug|Any CPU
		{0DB5DA95-B0A6-20A8-1FEB-23CBC0146A2C}.Debug|Any CPU.Build.0 = Debug|Any CPU
		{0DB5DA95-B0A6-20A8-1FEB-23CBC0146A2C}.Release|Any CPU.ActiveCfg = Release|Any CPU
		{0DB5DA95-B0A6-20A8-1FEB-23CBC0146A2C}.Release|Any CPU.Build.0 = Release|Any CPU
	EndGlobalSection
	GlobalSection(SolutionProperties) = preSolution
		HideSolutionNode = FALSE
	EndGlobalSection
EndGlobal
